// !$*UTF8*$!
{
	archiveVersion = 1;
	classes = {
	};
	objectVersion = 44;
	objects = {

/* Begin PBXBuildFile section */
		1C04B5C212B380AC00DDC7B0 /* RegexKitLite.m in Sources */ = {isa = PBXBuildFile; fileRef = 1C04B5C112B380AC00DDC7B0 /* RegexKitLite.m */; };
		1C04B5C612B380CA00DDC7B0 /* libicucore.dylib in Frameworks */ = {isa = PBXBuildFile; fileRef = 1C04B5C512B380CA00DDC7B0 /* libicucore.dylib */; };
		1C04B64412B38BB300DDC7B0 /* GameWindow.xib in Resources */ = {isa = PBXBuildFile; fileRef = 1C04B64212B38BB300DDC7B0 /* GameWindow.xib */; };
		1C04B64812B38BD100DDC7B0 /* AllocateMergingHotelSharesSheet.xib in Resources */ = {isa = PBXBuildFile; fileRef = 1C04B64612B38BD100DDC7B0 /* AllocateMergingHotelSharesSheet.xib */; };
		1C04B64C12B38BE300DDC7B0 /* PreferencesWindow.xib in Resources */ = {isa = PBXBuildFile; fileRef = 1C04B64A12B38BE300DDC7B0 /* PreferencesWindow.xib */; };
		1C04B65112B38BF000DDC7B0 /* PurchaseSharesSheet.xib in Resources */ = {isa = PBXBuildFile; fileRef = 1C04B64F12B38BF000DDC7B0 /* PurchaseSharesSheet.xib */; };
		1C04B65612B38BFF00DDC7B0 /* ChooseMergerSurvivorSheet.xib in Resources */ = {isa = PBXBuildFile; fileRef = 1C04B65412B38BFF00DDC7B0 /* ChooseMergerSurvivorSheet.xib */; };
		1C04B65B12B38C0F00DDC7B0 /* CreateNewHotelSheet.xib in Resources */ = {isa = PBXBuildFile; fileRef = 1C04B65912B38C0F00DDC7B0 /* CreateNewHotelSheet.xib */; };
		1C04B66012B38C1E00DDC7B0 /* LobbyWindow.xib in Resources */ = {isa = PBXBuildFile; fileRef = 1C04B65E12B38C1E00DDC7B0 /* LobbyWindow.xib */; };
		1C04B66512B38C2C00DDC7B0 /* MainMenu.xib in Resources */ = {isa = PBXBuildFile; fileRef = 1C04B66312B38C2C00DDC7B0 /* MainMenu.xib */; };
		1C04B66A12B38C3800DDC7B0 /* WelcomeWindow.xib in Resources */ = {isa = PBXBuildFile; fileRef = 1C04B66812B38C3800DDC7B0 /* WelcomeWindow.xib */; };
		8D11072B0486CEB800E47090 /* InfoPlist.strings in Resources */ = {isa = PBXBuildFile; fileRef = 089C165CFE840E0CC02AAC07 /* InfoPlist.strings */; };
		8D11072D0486CEB800E47090 /* main.m in Sources */ = {isa = PBXBuildFile; fileRef = 29B97316FDCFA39411CA2CEA /* main.m */; settings = {ATTRIBUTES = (); }; };
		8D11072F0486CEB800E47090 /* Cocoa.framework in Frameworks */ = {isa = PBXBuildFile; fileRef = 1058C7A1FEA54F0111CA2CBB /* Cocoa.framework */; };
		F20159A70E455DAE0044BFCB /* AQCreateNewHotelSheetController.m in Sources */ = {isa = PBXBuildFile; fileRef = F20159A60E455DAE0044BFCB /* AQCreateNewHotelSheetController.m */; };
		F219592A0E4B6885009379CA /* AQChooseMergerSurvivorSheetController.m in Sources */ = {isa = PBXBuildFile; fileRef = F21959290E4B6885009379CA /* AQChooseMergerSurvivorSheetController.m */; };
		F222AA640E3430660037443E /* AQPurchaseSharesSheetController.m in Sources */ = {isa = PBXBuildFile; fileRef = F222AA630E3430660037443E /* AQPurchaseSharesSheetController.m */; };
		F236ED280E50AC3E00A0B1D0 /* Sparkle.framework in CopyFiles */ = {isa = PBXBuildFile; fileRef = F266ABDD0E50A39A0063B294 /* Sparkle.framework */; };
		F24990240DED297F004F3509 /* AsyncSocket.m in Sources */ = {isa = PBXBuildFile; fileRef = F24990230DED297F004F3509 /* AsyncSocket.m */; };
		F266ABDE0E50A39A0063B294 /* Sparkle.framework in Frameworks */ = {isa = PBXBuildFile; fileRef = F266ABDD0E50A39A0063B294 /* Sparkle.framework */; };
		F2892B8C0DF0E02E00387EAB /* AQGame.m in Sources */ = {isa = PBXBuildFile; fileRef = F2892B8B0DF0E02E00387EAB /* AQGame.m */; };
		F28B09760E1460BD00D100DF /* AQNetacquireDirective.m in Sources */ = {isa = PBXBuildFile; fileRef = F28B09750E1460BD00D100DF /* AQNetacquireDirective.m */; };
		F28B09A00E14762900D100DF /* Acquire.icns in Resources */ = {isa = PBXBuildFile; fileRef = F28B099F0E14762900D100DF /* Acquire.icns */; };
		F29A825B0DEAA6500060432A /* AQAcquireController.m in Sources */ = {isa = PBXBuildFile; fileRef = F29A82560DEAA6500060432A /* AQAcquireController.m */; };
		F2ABA59A0DEE718A00F58E4B /* AQBoard.m in Sources */ = {isa = PBXBuildFile; fileRef = F2ABA5930DEE718A00F58E4B /* AQBoard.m */; };
		F2ABA59B0DEE718A00F58E4B /* AQHotel.m in Sources */ = {isa = PBXBuildFile; fileRef = F2ABA5950DEE718A00F58E4B /* AQHotel.m */; };
		F2ABA59C0DEE718A00F58E4B /* AQPlayer.m in Sources */ = {isa = PBXBuildFile; fileRef = F2ABA5970DEE718A00F58E4B /* AQPlayer.m */; };
		F2ABA59D0DEE718A00F58E4B /* AQTile.m in Sources */ = {isa = PBXBuildFile; fileRef = F2ABA5990DEE718A00F58E4B /* AQTile.m */; };
		F2ABA5AD0DEE72F300F58E4B /* AQWelcomeWindowController.m in Sources */ = {isa = PBXBuildFile; fileRef = F2ABA5AC0DEE72F300F58E4B /* AQWelcomeWindowController.m */; };
		F2ABA5B30DEE76F700F58E4B /* AQGameWindowController.m in Sources */ = {isa = PBXBuildFile; fileRef = F2ABA5B20DEE76F700F58E4B /* AQGameWindowController.m */; };
		F2ABA5C10DEE7B9200F58E4B /* AQLobbyWindowController.m in Sources */ = {isa = PBXBuildFile; fileRef = F2ABA5C00DEE7B9200F58E4B /* AQLobbyWindowController.m */; };
		F2C1358D0E50A26200638FD0 /* AQPreferencesWindowController.m in Sources */ = {isa = PBXBuildFile; fileRef = F2C1358C0E50A26200638FD0 /* AQPreferencesWindowController.m */; };
		F2CF48C20E31B45A00A3AEFA /* CCDColoredButton.m in Sources */ = {isa = PBXBuildFile; fileRef = F2CF48BF0E31B45A00A3AEFA /* CCDColoredButton.m */; };
		F2CF48C30E31B45A00A3AEFA /* CCDColoredButtonCell.m in Sources */ = {isa = PBXBuildFile; fileRef = F2CF48C10E31B45A00A3AEFA /* CCDColoredButtonCell.m */; };
		F2D44CAB0E48274D003B1E91 /* AQAllocateMergingHotelSharesSheetController.m in Sources */ = {isa = PBXBuildFile; fileRef = F2D44CAA0E48274D003B1E91 /* AQAllocateMergingHotelSharesSheetController.m */; };
		F2EB62A60E1EF87E00FE5E45 /* AQConnectionController.m in Sources */ = {isa = PBXBuildFile; fileRef = F2EB62A50E1EF87E00FE5E45 /* AQConnectionController.m */; };
/* End PBXBuildFile section */

/* Begin PBXCopyFilesBuildPhase section */
		F236ED2C0E50AC6600A0B1D0 /* CopyFiles */ = {
			isa = PBXCopyFilesBuildPhase;
			buildActionMask = 2147483647;
			dstPath = "";
			dstSubfolderSpec = 10;
			files = (
				F236ED280E50AC3E00A0B1D0 /* Sparkle.framework in CopyFiles */,
			);
			runOnlyForDeploymentPostprocessing = 0;
		};
/* End PBXCopyFilesBuildPhase section */

/* Begin PBXFileReference section */
		089C165DFE840E0CC02AAC07 /* English */ = {isa = PBXFileReference; fileEncoding = 10; lastKnownFileType = text.plist.strings; name = English; path = English.lproj/InfoPlist.strings; sourceTree = "<group>"; };
		1058C7A1FEA54F0111CA2CBB /* Cocoa.framework */ = {isa = PBXFileReference; lastKnownFileType = wrapper.framework; name = Cocoa.framework; path = /System/Library/Frameworks/Cocoa.framework; sourceTree = "<absolute>"; };
		13E42FB307B3F0F600E4EEF1 /* CoreData.framework */ = {isa = PBXFileReference; lastKnownFileType = wrapper.framework; name = CoreData.framework; path = /System/Library/Frameworks/CoreData.framework; sourceTree = "<absolute>"; };
		1C04B5C012B380AC00DDC7B0 /* RegexKitLite.h */ = {isa = PBXFileReference; fileEncoding = 4; lastKnownFileType = sourcecode.c.h; path = RegexKitLite.h; sourceTree = "<group>"; };
		1C04B5C112B380AC00DDC7B0 /* RegexKitLite.m */ = {isa = PBXFileReference; fileEncoding = 4; lastKnownFileType = sourcecode.c.objc; path = RegexKitLite.m; sourceTree = "<group>"; };
		1C04B5C512B380CA00DDC7B0 /* libicucore.dylib */ = {isa = PBXFileReference; lastKnownFileType = "compiled.mach-o.dylib"; name = libicucore.dylib; path = usr/lib/libicucore.dylib; sourceTree = SDKROOT; };
		1C04B64312B38BB300DDC7B0 /* English */ = {isa = PBXFileReference; lastKnownFileType = file.xib; name = English; path = English.lproj/GameWindow.xib; sourceTree = "<group>"; };
		1C04B64712B38BD100DDC7B0 /* English */ = {isa = PBXFileReference; lastKnownFileType = file.xib; name = English; path = English.lproj/AllocateMergingHotelSharesSheet.xib; sourceTree = "<group>"; };
		1C04B64B12B38BE300DDC7B0 /* English */ = {isa = PBXFileReference; lastKnownFileType = file.xib; name = English; path = English.lproj/PreferencesWindow.xib; sourceTree = "<group>"; };
		1C04B65012B38BF000DDC7B0 /* English */ = {isa = PBXFileReference; lastKnownFileType = file.xib; name = English; path = English.lproj/PurchaseSharesSheet.xib; sourceTree = "<group>"; };
		1C04B65512B38BFF00DDC7B0 /* English */ = {isa = PBXFileReference; lastKnownFileType = file.xib; name = English; path = English.lproj/ChooseMergerSurvivorSheet.xib; sourceTree = "<group>"; };
		1C04B65A12B38C0F00DDC7B0 /* English */ = {isa = PBXFileReference; lastKnownFileType = file.xib; name = English; path = English.lproj/CreateNewHotelSheet.xib; sourceTree = "<group>"; };
		1C04B65F12B38C1E00DDC7B0 /* English */ = {isa = PBXFileReference; lastKnownFileType = file.xib; name = English; path = English.lproj/LobbyWindow.xib; sourceTree = "<group>"; };
		1C04B66412B38C2C00DDC7B0 /* English */ = {isa = PBXFileReference; lastKnownFileType = file.xib; name = English; path = English.lproj/MainMenu.xib; sourceTree = "<group>"; };
		1C04B66912B38C3800DDC7B0 /* English */ = {isa = PBXFileReference; lastKnownFileType = file.xib; name = English; path = English.lproj/WelcomeWindow.xib; sourceTree = "<group>"; };
		29B97316FDCFA39411CA2CEA /* main.m */ = {isa = PBXFileReference; fileEncoding = 4; lastKnownFileType = sourcecode.c.objc; name = main.m; path = src/main.m; sourceTree = "<group>"; };
		29B97324FDCFA39411CA2CEA /* AppKit.framework */ = {isa = PBXFileReference; lastKnownFileType = wrapper.framework; name = AppKit.framework; path = /System/Library/Frameworks/AppKit.framework; sourceTree = "<absolute>"; };
		29B97325FDCFA39411CA2CEA /* Foundation.framework */ = {isa = PBXFileReference; lastKnownFileType = wrapper.framework; name = Foundation.framework; path = /System/Library/Frameworks/Foundation.framework; sourceTree = "<absolute>"; };
		32CA4F630368D1EE00C91783 /* Acquire_Prefix.pch */ = {isa = PBXFileReference; fileEncoding = 4; lastKnownFileType = sourcecode.c.h; name = Acquire_Prefix.pch; path = "src/Other Sources/Acquire_Prefix.pch"; sourceTree = "<group>"; };
		8D1107310486CEB800E47090 /* Info.plist */ = {isa = PBXFileReference; fileEncoding = 4; lastKnownFileType = text.plist.xml; path = Info.plist; sourceTree = "<group>"; };
		8D1107320486CEB800E47090 /* Acquire.app */ = {isa = PBXFileReference; explicitFileType = wrapper.application; includeInIndex = 0; path = Acquire.app; sourceTree = BUILT_PRODUCTS_DIR; };
		F20159A50E455DAE0044BFCB /* AQCreateNewHotelSheetController.h */ = {isa = PBXFileReference; fileEncoding = 4; lastKnownFileType = sourcecode.c.h; path = AQCreateNewHotelSheetController.h; sourceTree = "<group>"; };
		F20159A60E455DAE0044BFCB /* AQCreateNewHotelSheetController.m */ = {isa = PBXFileReference; fileEncoding = 4; lastKnownFileType = sourcecode.c.objc; path = AQCreateNewHotelSheetController.m; sourceTree = "<group>"; };
		F21959280E4B6885009379CA /* AQChooseMergerSurvivorSheetController.h */ = {isa = PBXFileReference; fileEncoding = 4; lastKnownFileType = sourcecode.c.h; path = AQChooseMergerSurvivorSheetController.h; sourceTree = "<group>"; };
		F21959290E4B6885009379CA /* AQChooseMergerSurvivorSheetController.m */ = {isa = PBXFileReference; fileEncoding = 4; lastKnownFileType = sourcecode.c.objc; path = AQChooseMergerSurvivorSheetController.m; sourceTree = "<group>"; };
		F222AA620E3430660037443E /* AQPurchaseSharesSheetController.h */ = {isa = PBXFileReference; fileEncoding = 4; lastKnownFileType = sourcecode.c.h; path = AQPurchaseSharesSheetController.h; sourceTree = "<group>"; };
		F222AA630E3430660037443E /* AQPurchaseSharesSheetController.m */ = {isa = PBXFileReference; fileEncoding = 4; lastKnownFileType = sourcecode.c.objc; path = AQPurchaseSharesSheetController.m; sourceTree = "<group>"; };
		F24990220DED297F004F3509 /* AsyncSocket.h */ = {isa = PBXFileReference; fileEncoding = 4; lastKnownFileType = sourcecode.c.h; path = AsyncSocket.h; sourceTree = "<group>"; };
		F24990230DED297F004F3509 /* AsyncSocket.m */ = {isa = PBXFileReference; fileEncoding = 4; lastKnownFileType = sourcecode.c.objc; path = AsyncSocket.m; sourceTree = "<group>"; };
		F266ABDD0E50A39A0063B294 /* Sparkle.framework */ = {isa = PBXFileReference; lastKnownFileType = wrapper.framework; name = Sparkle.framework; path = sparkle/Sparkle.framework; sourceTree = "<group>"; };
		F2892B8A0DF0E02E00387EAB /* AQGame.h */ = {isa = PBXFileReference; fileEncoding = 4; lastKnownFileType = sourcecode.c.h; path = AQGame.h; sourceTree = "<group>"; };
		F2892B8B0DF0E02E00387EAB /* AQGame.m */ = {isa = PBXFileReference; fileEncoding = 4; lastKnownFileType = sourcecode.c.objc; path = AQGame.m; sourceTree = "<group>"; };
		F28B09740E1460BD00D100DF /* AQNetacquireDirective.h */ = {isa = PBXFileReference; fileEncoding = 4; lastKnownFileType = sourcecode.c.h; path = AQNetacquireDirective.h; sourceTree = "<group>"; };
		F28B09750E1460BD00D100DF /* AQNetacquireDirective.m */ = {isa = PBXFileReference; fileEncoding = 4; lastKnownFileType = sourcecode.c.objc; path = AQNetacquireDirective.m; sourceTree = "<group>"; };
		F28B099F0E14762900D100DF /* Acquire.icns */ = {isa = PBXFileReference; lastKnownFileType = image.icns; path = Acquire.icns; sourceTree = "<group>"; };
		F29A82550DEAA6500060432A /* AQAcquireController.h */ = {isa = PBXFileReference; fileEncoding = 4; lastKnownFileType = sourcecode.c.h; name = AQAcquireController.h; path = "src/Main Controllers/AQAcquireController.h"; sourceTree = "<group>"; };
		F29A82560DEAA6500060432A /* AQAcquireController.m */ = {isa = PBXFileReference; fileEncoding = 4; lastKnownFileType = sourcecode.c.objc; name = AQAcquireController.m; path = "src/Main Controllers/AQAcquireController.m"; sourceTree = "<group>"; };
		F2ABA5920DEE718A00F58E4B /* AQBoard.h */ = {isa = PBXFileReference; fileEncoding = 4; lastKnownFileType = sourcecode.c.h; path = AQBoard.h; sourceTree = "<group>"; };
		F2ABA5930DEE718A00F58E4B /* AQBoard.m */ = {isa = PBXFileReference; fileEncoding = 4; lastKnownFileType = sourcecode.c.objc; path = AQBoard.m; sourceTree = "<group>"; };
		F2ABA5940DEE718A00F58E4B /* AQHotel.h */ = {isa = PBXFileReference; fileEncoding = 4; lastKnownFileType = sourcecode.c.h; path = AQHotel.h; sourceTree = "<group>"; };
		F2ABA5950DEE718A00F58E4B /* AQHotel.m */ = {isa = PBXFileReference; fileEncoding = 4; lastKnownFileType = sourcecode.c.objc; path = AQHotel.m; sourceTree = "<group>"; };
		F2ABA5960DEE718A00F58E4B /* AQPlayer.h */ = {isa = PBXFileReference; fileEncoding = 4; lastKnownFileType = sourcecode.c.h; path = AQPlayer.h; sourceTree = "<group>"; };
		F2ABA5970DEE718A00F58E4B /* AQPlayer.m */ = {isa = PBXFileReference; fileEncoding = 4; lastKnownFileType = sourcecode.c.objc; path = AQPlayer.m; sourceTree = "<group>"; };
		F2ABA5980DEE718A00F58E4B /* AQTile.h */ = {isa = PBXFileReference; fileEncoding = 4; lastKnownFileType = sourcecode.c.h; path = AQTile.h; sourceTree = "<group>"; };
		F2ABA5990DEE718A00F58E4B /* AQTile.m */ = {isa = PBXFileReference; fileEncoding = 4; lastKnownFileType = sourcecode.c.objc; path = AQTile.m; sourceTree = "<group>"; };
		F2ABA5AB0DEE72F300F58E4B /* AQWelcomeWindowController.h */ = {isa = PBXFileReference; fileEncoding = 4; lastKnownFileType = sourcecode.c.h; path = AQWelcomeWindowController.h; sourceTree = "<group>"; };
		F2ABA5AC0DEE72F300F58E4B /* AQWelcomeWindowController.m */ = {isa = PBXFileReference; fileEncoding = 4; lastKnownFileType = sourcecode.c.objc; path = AQWelcomeWindowController.m; sourceTree = "<group>"; };
		F2ABA5B10DEE76F700F58E4B /* AQGameWindowController.h */ = {isa = PBXFileReference; fileEncoding = 4; lastKnownFileType = sourcecode.c.h; path = AQGameWindowController.h; sourceTree = "<group>"; };
		F2ABA5B20DEE76F700F58E4B /* AQGameWindowController.m */ = {isa = PBXFileReference; fileEncoding = 4; lastKnownFileType = sourcecode.c.objc; path = AQGameWindowController.m; sourceTree = "<group>"; };
		F2ABA5BF0DEE7B9200F58E4B /* AQLobbyWindowController.h */ = {isa = PBXFileReference; fileEncoding = 4; lastKnownFileType = sourcecode.c.h; path = AQLobbyWindowController.h; sourceTree = "<group>"; };
		F2ABA5C00DEE7B9200F58E4B /* AQLobbyWindowController.m */ = {isa = PBXFileReference; fileEncoding = 4; lastKnownFileType = sourcecode.c.objc; path = AQLobbyWindowController.m; sourceTree = "<group>"; };
		F2C1358B0E50A26200638FD0 /* AQPreferencesWindowController.h */ = {isa = PBXFileReference; fileEncoding = 4; lastKnownFileType = sourcecode.c.h; path = AQPreferencesWindowController.h; sourceTree = "<group>"; };
		F2C1358C0E50A26200638FD0 /* AQPreferencesWindowController.m */ = {isa = PBXFileReference; fileEncoding = 4; lastKnownFileType = sourcecode.c.objc; path = AQPreferencesWindowController.m; sourceTree = "<group>"; };
		F2CF48BE0E31B45A00A3AEFA /* CCDColoredButton.h */ = {isa = PBXFileReference; fileEncoding = 4; lastKnownFileType = sourcecode.c.h; path = CCDColoredButton.h; sourceTree = "<group>"; };
		F2CF48BF0E31B45A00A3AEFA /* CCDColoredButton.m */ = {isa = PBXFileReference; fileEncoding = 4; lastKnownFileType = sourcecode.c.objc; path = CCDColoredButton.m; sourceTree = "<group>"; };
		F2CF48C00E31B45A00A3AEFA /* CCDColoredButtonCell.h */ = {isa = PBXFileReference; fileEncoding = 4; lastKnownFileType = sourcecode.c.h; path = CCDColoredButtonCell.h; sourceTree = "<group>"; };
		F2CF48C10E31B45A00A3AEFA /* CCDColoredButtonCell.m */ = {isa = PBXFileReference; fileEncoding = 4; lastKnownFileType = sourcecode.c.objc; path = CCDColoredButtonCell.m; sourceTree = "<group>"; };
		F2D44CA90E48274D003B1E91 /* AQAllocateMergingHotelSharesSheetController.h */ = {isa = PBXFileReference; fileEncoding = 4; lastKnownFileType = sourcecode.c.h; path = AQAllocateMergingHotelSharesSheetController.h; sourceTree = "<group>"; };
		F2D44CAA0E48274D003B1E91 /* AQAllocateMergingHotelSharesSheetController.m */ = {isa = PBXFileReference; fileEncoding = 4; lastKnownFileType = sourcecode.c.objc; path = AQAllocateMergingHotelSharesSheetController.m; sourceTree = "<group>"; };
		F2EB62A40E1EF87E00FE5E45 /* AQConnectionController.h */ = {isa = PBXFileReference; fileEncoding = 4; lastKnownFileType = sourcecode.c.h; path = AQConnectionController.h; sourceTree = "<group>"; };
		F2EB62A50E1EF87E00FE5E45 /* AQConnectionController.m */ = {isa = PBXFileReference; fileEncoding = 4; lastKnownFileType = sourcecode.c.objc; path = AQConnectionController.m; sourceTree = "<group>"; };
/* End PBXFileReference section */

/* Begin PBXFrameworksBuildPhase section */
		8D11072E0486CEB800E47090 /* Frameworks */ = {
			isa = PBXFrameworksBuildPhase;
			buildActionMask = 2147483647;
			files = (
				8D11072F0486CEB800E47090 /* Cocoa.framework in Frameworks */,
				F266ABDE0E50A39A0063B294 /* Sparkle.framework in Frameworks */,
				1C04B5C612B380CA00DDC7B0 /* libicucore.dylib in Frameworks */,
			);
			runOnlyForDeploymentPostprocessing = 0;
		};
/* End PBXFrameworksBuildPhase section */

/* Begin PBXGroup section */
		080E96DDFE201D6D7F000001 /* Classes */ = {
			isa = PBXGroup;
			children = (
				F224F28E0DEBC2320004978C /* Main Controllers */,
				F2ABA5AA0DEE72F300F58E4B /* Window Controllers */,
				F2ABA5910DEE718A00F58E4B /* Game Classes */,
				F28B09730E1460BD00D100DF /* Network Classes */,
			);
			name = Classes;
			sourceTree = "<group>";
		};
		1058C7A0FEA54F0111CA2CBB /* Linked Frameworks */ = {
			isa = PBXGroup;
			children = (
				F266ABDD0E50A39A0063B294 /* Sparkle.framework */,
				1058C7A1FEA54F0111CA2CBB /* Cocoa.framework */,
			);
			name = "Linked Frameworks";
			sourceTree = "<group>";
		};
		1058C7A2FEA54F0111CA2CBB /* Other Frameworks */ = {
			isa = PBXGroup;
			children = (
				29B97324FDCFA39411CA2CEA /* AppKit.framework */,
				13E42FB307B3F0F600E4EEF1 /* CoreData.framework */,
				29B97325FDCFA39411CA2CEA /* Foundation.framework */,
				1C04B5C512B380CA00DDC7B0 /* libicucore.dylib */,
			);
			name = "Other Frameworks";
			sourceTree = "<group>";
		};
		19C28FACFE9D520D11CA2CBB /* Products */ = {
			isa = PBXGroup;
			children = (
				8D1107320486CEB800E47090 /* Acquire.app */,
			);
			name = Products;
			sourceTree = "<group>";
		};
		1C04B5BF12B380AC00DDC7B0 /* RegexKitLite */ = {
			isa = PBXGroup;
			children = (
				1C04B5C012B380AC00DDC7B0 /* RegexKitLite.h */,
				1C04B5C112B380AC00DDC7B0 /* RegexKitLite.m */,
			);
			name = RegexKitLite;
			path = "src/Other Sources/RegexKitLite";
			sourceTree = "<group>";
		};
		29B97314FDCFA39411CA2CEA /* Acquire */ = {
			isa = PBXGroup;
			children = (
				080E96DDFE201D6D7F000001 /* Classes */,
				29B97315FDCFA39411CA2CEA /* Other Sources */,
				29B97317FDCFA39411CA2CEA /* Resources */,
				29B97323FDCFA39411CA2CEA /* Frameworks */,
				19C28FACFE9D520D11CA2CBB /* Products */,
			);
			name = Acquire;
			sourceTree = "<group>";
		};
		29B97315FDCFA39411CA2CEA /* Other Sources */ = {
			isa = PBXGroup;
			children = (
				F24990210DED297F004F3509 /* AsyncSocket */,
				F2CF48BD0E31B45A00A3AEFA /* CCDColoredButton */,
				1C04B5BF12B380AC00DDC7B0 /* RegexKitLite */,
				32CA4F630368D1EE00C91783 /* Acquire_Prefix.pch */,
				29B97316FDCFA39411CA2CEA /* main.m */,
			);
			name = "Other Sources";
			sourceTree = "<group>";
		};
		29B97317FDCFA39411CA2CEA /* Resources */ = {
			isa = PBXGroup;
			children = (
				F28B099F0E14762900D100DF /* Acquire.icns */,
				8D1107310486CEB800E47090 /* Info.plist */,
				089C165CFE840E0CC02AAC07 /* InfoPlist.strings */,
				1C04B64212B38BB300DDC7B0 /* GameWindow.xib */,
				1C04B64612B38BD100DDC7B0 /* AllocateMergingHotelSharesSheet.xib */,
				1C04B64A12B38BE300DDC7B0 /* PreferencesWindow.xib */,
				1C04B64F12B38BF000DDC7B0 /* PurchaseSharesSheet.xib */,
				1C04B65412B38BFF00DDC7B0 /* ChooseMergerSurvivorSheet.xib */,
				1C04B65912B38C0F00DDC7B0 /* CreateNewHotelSheet.xib */,
				1C04B65E12B38C1E00DDC7B0 /* LobbyWindow.xib */,
				1C04B66312B38C2C00DDC7B0 /* MainMenu.xib */,
				1C04B66812B38C3800DDC7B0 /* WelcomeWindow.xib */,
			);
			name = Resources;
			sourceTree = "<group>";
		};
		29B97323FDCFA39411CA2CEA /* Frameworks */ = {
			isa = PBXGroup;
			children = (
				1058C7A0FEA54F0111CA2CBB /* Linked Frameworks */,
				1058C7A2FEA54F0111CA2CBB /* Other Frameworks */,
			);
			name = Frameworks;
			sourceTree = "<group>";
		};
		F222AA670E3430700037443E /* Sheet Controllers */ = {
			isa = PBXGroup;
			children = (
				F2D44CA90E48274D003B1E91 /* AQAllocateMergingHotelSharesSheetController.h */,
				F2D44CAA0E48274D003B1E91 /* AQAllocateMergingHotelSharesSheetController.m */,
				F21959280E4B6885009379CA /* AQChooseMergerSurvivorSheetController.h */,
				F21959290E4B6885009379CA /* AQChooseMergerSurvivorSheetController.m */,
				F20159A50E455DAE0044BFCB /* AQCreateNewHotelSheetController.h */,
				F20159A60E455DAE0044BFCB /* AQCreateNewHotelSheetController.m */,
				F222AA620E3430660037443E /* AQPurchaseSharesSheetController.h */,
				F222AA630E3430660037443E /* AQPurchaseSharesSheetController.m */,
			);
			name = "Sheet Controllers";
			sourceTree = "<group>";
		};
		F224F28E0DEBC2320004978C /* Main Controllers */ = {
			isa = PBXGroup;
			children = (
				F29A82550DEAA6500060432A /* AQAcquireController.h */,
				F29A82560DEAA6500060432A /* AQAcquireController.m */,
			);
			name = "Main Controllers";
			sourceTree = "<group>";
		};
		F24990210DED297F004F3509 /* AsyncSocket */ = {
			isa = PBXGroup;
			children = (
				F24990220DED297F004F3509 /* AsyncSocket.h */,
				F24990230DED297F004F3509 /* AsyncSocket.m */,
			);
			name = AsyncSocket;
			path = "src/Other Sources/AsyncSocket";
			sourceTree = "<group>";
		};
		F28B09730E1460BD00D100DF /* Network Classes */ = {
			isa = PBXGroup;
			children = (
				F2EB62A40E1EF87E00FE5E45 /* AQConnectionController.h */,
				F2EB62A50E1EF87E00FE5E45 /* AQConnectionController.m */,
				F28B09740E1460BD00D100DF /* AQNetacquireDirective.h */,
				F28B09750E1460BD00D100DF /* AQNetacquireDirective.m */,
			);
			name = "Network Classes";
			path = "src/Network Classes";
			sourceTree = "<group>";
		};
		F2ABA5910DEE718A00F58E4B /* Game Classes */ = {
			isa = PBXGroup;
			children = (
				F2892B8A0DF0E02E00387EAB /* AQGame.h */,
				F2892B8B0DF0E02E00387EAB /* AQGame.m */,
				F2ABA5920DEE718A00F58E4B /* AQBoard.h */,
				F2ABA5930DEE718A00F58E4B /* AQBoard.m */,
				F2ABA5940DEE718A00F58E4B /* AQHotel.h */,
				F2ABA5950DEE718A00F58E4B /* AQHotel.m */,
				F2ABA5960DEE718A00F58E4B /* AQPlayer.h */,
				F2ABA5970DEE718A00F58E4B /* AQPlayer.m */,
				F2ABA5980DEE718A00F58E4B /* AQTile.h */,
				F2ABA5990DEE718A00F58E4B /* AQTile.m */,
			);
			name = "Game Classes";
			path = "src/Game Classes";
			sourceTree = "<group>";
		};
		F2ABA5AA0DEE72F300F58E4B /* Window Controllers */ = {
			isa = PBXGroup;
			children = (
				F2ABA5B10DEE76F700F58E4B /* AQGameWindowController.h */,
				F2ABA5B20DEE76F700F58E4B /* AQGameWindowController.m */,
				F2ABA5BF0DEE7B9200F58E4B /* AQLobbyWindowController.h */,
				F2ABA5C00DEE7B9200F58E4B /* AQLobbyWindowController.m */,
				F2C1358B0E50A26200638FD0 /* AQPreferencesWindowController.h */,
				F2C1358C0E50A26200638FD0 /* AQPreferencesWindowController.m */,
				F2ABA5AB0DEE72F300F58E4B /* AQWelcomeWindowController.h */,
				F2ABA5AC0DEE72F300F58E4B /* AQWelcomeWindowController.m */,
				F222AA670E3430700037443E /* Sheet Controllers */,
			);
			name = "Window Controllers";
			path = "src/Window Controllers";
			sourceTree = "<group>";
		};
		F2CF48BD0E31B45A00A3AEFA /* CCDColoredButton */ = {
			isa = PBXGroup;
			children = (
				F2CF48BE0E31B45A00A3AEFA /* CCDColoredButton.h */,
				F2CF48BF0E31B45A00A3AEFA /* CCDColoredButton.m */,
				F2CF48C00E31B45A00A3AEFA /* CCDColoredButtonCell.h */,
				F2CF48C10E31B45A00A3AEFA /* CCDColoredButtonCell.m */,
			);
			name = CCDColoredButton;
			path = "src/Other Sources/CCDColoredButton";
			sourceTree = "<group>";
		};
/* End PBXGroup section */

/* Begin PBXNativeTarget section */
		8D1107260486CEB800E47090 /* Acquire */ = {
			isa = PBXNativeTarget;
			buildConfigurationList = C01FCF4A08A954540054247B /* Build configuration list for PBXNativeTarget "Acquire" */;
			buildPhases = (
				8D1107290486CEB800E47090 /* Resources */,
				8D11072C0486CEB800E47090 /* Sources */,
				8D11072E0486CEB800E47090 /* Frameworks */,
				F236ED2C0E50AC6600A0B1D0 /* CopyFiles */,
			);
			buildRules = (
			);
			dependencies = (
			);
			name = Acquire;
			productInstallPath = "$(HOME)/Applications";
			productName = Acquire;
			productReference = 8D1107320486CEB800E47090 /* Acquire.app */;
			productType = "com.apple.product-type.application";
		};
/* End PBXNativeTarget section */

/* Begin PBXProject section */
		29B97313FDCFA39411CA2CEA /* Project object */ = {
			isa = PBXProject;
			buildConfigurationList = C01FCF4E08A954540054247B /* Build configuration list for PBXProject "Acquire" */;
			compatibilityVersion = "Xcode 3.0";
			developmentRegion = English;
			hasScannedForEncodings = 1;
			knownRegions = (
				English,
				Japanese,
				French,
				German,
			);
			mainGroup = 29B97314FDCFA39411CA2CEA /* Acquire */;
			projectDirPath = "";
			projectRoot = "";
			targets = (
				8D1107260486CEB800E47090 /* Acquire */,
			);
		};
/* End PBXProject section */

/* Begin PBXResourcesBuildPhase section */
		8D1107290486CEB800E47090 /* Resources */ = {
			isa = PBXResourcesBuildPhase;
			buildActionMask = 2147483647;
			files = (
				8D11072B0486CEB800E47090 /* InfoPlist.strings in Resources */,
				F28B09A00E14762900D100DF /* Acquire.icns in Resources */,
				1C04B64412B38BB300DDC7B0 /* GameWindow.xib in Resources */,
				1C04B64812B38BD100DDC7B0 /* AllocateMergingHotelSharesSheet.xib in Resources */,
				1C04B64C12B38BE300DDC7B0 /* PreferencesWindow.xib in Resources */,
				1C04B65112B38BF000DDC7B0 /* PurchaseSharesSheet.xib in Resources */,
				1C04B65612B38BFF00DDC7B0 /* ChooseMergerSurvivorSheet.xib in Resources */,
				1C04B65B12B38C0F00DDC7B0 /* CreateNewHotelSheet.xib in Resources */,
				1C04B66012B38C1E00DDC7B0 /* LobbyWindow.xib in Resources */,
				1C04B66512B38C2C00DDC7B0 /* MainMenu.xib in Resources */,
				1C04B66A12B38C3800DDC7B0 /* WelcomeWindow.xib in Resources */,
			);
			runOnlyForDeploymentPostprocessing = 0;
		};
/* End PBXResourcesBuildPhase section */

/* Begin PBXSourcesBuildPhase section */
		8D11072C0486CEB800E47090 /* Sources */ = {
			isa = PBXSourcesBuildPhase;
			buildActionMask = 2147483647;
			files = (
				8D11072D0486CEB800E47090 /* main.m in Sources */,
				F29A825B0DEAA6500060432A /* AQAcquireController.m in Sources */,
				F24990240DED297F004F3509 /* AsyncSocket.m in Sources */,
				F2ABA59A0DEE718A00F58E4B /* AQBoard.m in Sources */,
				F2ABA59B0DEE718A00F58E4B /* AQHotel.m in Sources */,
				F2ABA59C0DEE718A00F58E4B /* AQPlayer.m in Sources */,
				F2ABA59D0DEE718A00F58E4B /* AQTile.m in Sources */,
				F2ABA5AD0DEE72F300F58E4B /* AQWelcomeWindowController.m in Sources */,
				F2ABA5B30DEE76F700F58E4B /* AQGameWindowController.m in Sources */,
				F2ABA5C10DEE7B9200F58E4B /* AQLobbyWindowController.m in Sources */,
				F2892B8C0DF0E02E00387EAB /* AQGame.m in Sources */,
				F28B09760E1460BD00D100DF /* AQNetacquireDirective.m in Sources */,
				F2EB62A60E1EF87E00FE5E45 /* AQConnectionController.m in Sources */,
				F2CF48C20E31B45A00A3AEFA /* CCDColoredButton.m in Sources */,
				F2CF48C30E31B45A00A3AEFA /* CCDColoredButtonCell.m in Sources */,
				F222AA640E3430660037443E /* AQPurchaseSharesSheetController.m in Sources */,
				F20159A70E455DAE0044BFCB /* AQCreateNewHotelSheetController.m in Sources */,
				F2D44CAB0E48274D003B1E91 /* AQAllocateMergingHotelSharesSheetController.m in Sources */,
				F219592A0E4B6885009379CA /* AQChooseMergerSurvivorSheetController.m in Sources */,
				F2C1358D0E50A26200638FD0 /* AQPreferencesWindowController.m in Sources */,
				1C04B5C212B380AC00DDC7B0 /* RegexKitLite.m in Sources */,
			);
			runOnlyForDeploymentPostprocessing = 0;
		};
/* End PBXSourcesBuildPhase section */

/* Begin PBXVariantGroup section */
		089C165CFE840E0CC02AAC07 /* InfoPlist.strings */ = {
			isa = PBXVariantGroup;
			children = (
				089C165DFE840E0CC02AAC07 /* English */,
			);
			name = InfoPlist.strings;
			sourceTree = "<group>";
		};
		1C04B64212B38BB300DDC7B0 /* GameWindow.xib */ = {
			isa = PBXVariantGroup;
			children = (
				1C04B64312B38BB300DDC7B0 /* English */,
			);
			name = GameWindow.xib;
			sourceTree = "<group>";
		};
		1C04B64612B38BD100DDC7B0 /* AllocateMergingHotelSharesSheet.xib */ = {
			isa = PBXVariantGroup;
			children = (
				1C04B64712B38BD100DDC7B0 /* English */,
			);
			name = AllocateMergingHotelSharesSheet.xib;
			sourceTree = "<group>";
		};
		1C04B64A12B38BE300DDC7B0 /* PreferencesWindow.xib */ = {
			isa = PBXVariantGroup;
			children = (
				1C04B64B12B38BE300DDC7B0 /* English */,
			);
			name = PreferencesWindow.xib;
			sourceTree = "<group>";
		};
		1C04B64F12B38BF000DDC7B0 /* PurchaseSharesSheet.xib */ = {
			isa = PBXVariantGroup;
			children = (
				1C04B65012B38BF000DDC7B0 /* English */,
			);
			name = PurchaseSharesSheet.xib;
			sourceTree = "<group>";
		};
		1C04B65412B38BFF00DDC7B0 /* ChooseMergerSurvivorSheet.xib */ = {
			isa = PBXVariantGroup;
			children = (
				1C04B65512B38BFF00DDC7B0 /* English */,
			);
			name = ChooseMergerSurvivorSheet.xib;
			sourceTree = "<group>";
		};
		1C04B65912B38C0F00DDC7B0 /* CreateNewHotelSheet.xib */ = {
			isa = PBXVariantGroup;
			children = (
				1C04B65A12B38C0F00DDC7B0 /* English */,
			);
			name = CreateNewHotelSheet.xib;
			sourceTree = "<group>";
		};
		1C04B65E12B38C1E00DDC7B0 /* LobbyWindow.xib */ = {
			isa = PBXVariantGroup;
			children = (
				1C04B65F12B38C1E00DDC7B0 /* English */,
			);
			name = LobbyWindow.xib;
			sourceTree = "<group>";
		};
		1C04B66312B38C2C00DDC7B0 /* MainMenu.xib */ = {
			isa = PBXVariantGroup;
			children = (
				1C04B66412B38C2C00DDC7B0 /* English */,
			);
			name = MainMenu.xib;
			sourceTree = "<group>";
		};
		1C04B66812B38C3800DDC7B0 /* WelcomeWindow.xib */ = {
			isa = PBXVariantGroup;
			children = (
				1C04B66912B38C3800DDC7B0 /* English */,
			);
			name = WelcomeWindow.xib;
			sourceTree = "<group>";
		};
/* End PBXVariantGroup section */

/* Begin XCBuildConfiguration section */
		C01FCF4B08A954540054247B /* Debug */ = {
			isa = XCBuildConfiguration;
			buildSettings = {
				COPY_PHASE_STRIP = NO;
				FRAMEWORK_SEARCH_PATHS = (
					"$(inherited)",
					"\"$(SRCROOT)\"",
					"\"$(SRCROOT)/sparkle\"",
				);
				GCC_DYNAMIC_NO_PIC = NO;
				GCC_ENABLE_FIX_AND_CONTINUE = YES;
				GCC_MODEL_TUNING = G5;
				GCC_OPTIMIZATION_LEVEL = 0;
				GCC_PRECOMPILE_PREFIX_HEADER = YES;
				GCC_PREFIX_HEADER = "src/Other Sources/Acquire_Prefix.pch";
				INFOPLIST_FILE = Info.plist;
				INSTALL_PATH = "$(HOME)/Applications";
				PRODUCT_NAME = Acquire;
				WRAPPER_EXTENSION = app;
				ZERO_LINK = YES;
			};
			name = Debug;
		};
		C01FCF4C08A954540054247B /* Release */ = {
			isa = XCBuildConfiguration;
			buildSettings = {
				ARCHS = "$(ARCHS_STANDARD_32_64_BIT_PRE_XCODE_3_1)";
				ARCHS_STANDARD_32_64_BIT_PRE_XCODE_3_1 = "x86_64 i386 ppc";
				DEBUG_INFORMATION_FORMAT = "dwarf-with-dsym";
				FRAMEWORK_SEARCH_PATHS = (
					"$(inherited)",
					"\"$(SRCROOT)\"",
					"\"$(SRCROOT)/sparkle\"",
				);
				GCC_MODEL_TUNING = G5;
				GCC_PRECOMPILE_PREFIX_HEADER = YES;
				GCC_PREFIX_HEADER = "src/Other Sources/Acquire_Prefix.pch";
				INFOPLIST_FILE = Info.plist;
				INSTALL_PATH = "$(HOME)/Applications";
				PRODUCT_NAME = Acquire;
				WRAPPER_EXTENSION = app;
			};
			name = Release;
		};
		C01FCF4F08A954540054247B /* Debug */ = {
			isa = XCBuildConfiguration;
			buildSettings = {
				GCC_TREAT_WARNINGS_AS_ERRORS = YES;
				GCC_VERSION = com.apple.compilers.llvm.clang.1_0;
				GCC_WARN_ABOUT_RETURN_TYPE = YES;
				GCC_WARN_UNUSED_VARIABLE = YES;
				MACOSX_DEPLOYMENT_TARGET = 10.4;
				PREBINDING = NO;
				SDKROOT = "$(DEVELOPER_SDK_DIR)/MacOSX10.5.sdk";
			};
			name = Debug;
		};
		C01FCF5008A954540054247B /* Release */ = {
			isa = XCBuildConfiguration;
			buildSettings = {
				ARCHS = (
					ppc,
					i386,
				);
				GCC_C_LANGUAGE_STANDARD = c99;
				GCC_PREFIX_HEADER = "";
				GCC_TREAT_WARNINGS_AS_ERRORS = YES;
				GCC_VERSION = com.apple.compilers.llvm.clang.1_0;
				GCC_WARN_ABOUT_RETURN_TYPE = YES;
				GCC_WARN_UNUSED_VARIABLE = YES;
				HEADER_SEARCH_PATHS = "";
				INCLUDED_RECURSIVE_SEARCH_PATH_SUBDIRECTORIES = "";
				MACOSX_DEPLOYMENT_TARGET = 10.4;
				PREBINDING = NO;
				SDKROOT = "$(DEVELOPER_SDK_DIR)/MacOSX10.5.sdk";
			};
			name = Release;
		};
/* End XCBuildConfiguration section */

/* Begin XCConfigurationList section */
		C01FCF4A08A954540054247B /* Build configuration list for PBXNativeTarget "Acquire" */ = {
			isa = XCConfigurationList;
			buildConfigurations = (
				C01FCF4B08A954540054247B /* Debug */,
				C01FCF4C08A954540054247B /* Release */,
			);
			defaultConfigurationIsVisible = 0;
			defaultConfigurationName = Release;
		};
		C01FCF4E08A954540054247B /* Build configuration list for PBXProject "Acquire" */ = {
			isa = XCConfigurationList;
			buildConfigurations = (
				C01FCF4F08A954540054247B /* Debug */,
				C01FCF5008A954540054247B /* Release */,
			);
			defaultConfigurationIsVisible = 0;
			defaultConfigurationName = Release;
		};
/* End XCConfigurationList section */
	};
	rootObject = 29B97313FDCFA39411CA2CEA /* Project object */;
}
